github.com/nikhil-thomas/hacker-form-practice v0.0.0-20201103103103-71f7603d32c0 h1:0C/MDBylUBzaWIRSvwSPXqUGFEgGUjJWbLfMTskP9w4=
github.com/nikhil-thomas/hacker-form-practice/03_golang/01_learn-go-with-tests/02_integers v0.0.0-20201103103103-71f7603d32c0 h1:hb70bT2c2HPRNFRKwpNsQ5/4iO1nzk6vwX7kSUs0C6A=
